
Microsoft Visual Studio Solution File, Format Version 12.00
# Visual Studio Version 17
VisualStudioVersion = 17.3.32901.215
MinimumVisualStudioVersion = 10.0.40219.1
Project("{9A19103F-16F7-4668-BE54-9A1E7A4F7556}") = "Monotype.Extensions", "..\..\Bang.Extensions\Src\Monotype.Extensions.csproj", "{046D1243-CE1E-4FD1-96AD-ABB90EDB10C8}"
EndProject
Project("{9A19103F-16F7-4668-BE54-9A1E7A4F7556}") = "LingoTests", "Tests\LingoTests.csproj", "{0370F5E8-9801-4CA5-A95B-D27346C82931}"
EndProject
Project("{9A19103F-16F7-4668-BE54-9A1E7A4F7556}") = "Monotype.Lingo", "Bang.Lingo\Monotype.Lingo.csproj", "{8A1C083F-BD74-488F-9E35-11A7C40B2AB0}"
EndProject
Global
	GlobalSection(SolutionConfigurationPlatforms) = preSolution
		Debug|Any CPU = Debug|Any CPU
		Release|Any CPU = Release|Any CPU
	EndGlobalSection
	GlobalSection(ProjectConfigurationPlatforms) = postSolution
		{046D1243-CE1E-4FD1-96AD-ABB90EDB10C8}.Debug|Any CPU.ActiveCfg = Debug|Any CPU
		{046D1243-CE1E-4FD1-96AD-ABB90EDB10C8}.Debug|Any CPU.Build.0 = Debug|Any CPU
		{046D1243-CE1E-4FD1-96AD-ABB90EDB10C8}.Release|Any CPU.ActiveCfg = Release|Any CPU
		{046D1243-CE1E-4FD1-96AD-ABB90EDB10C8}.Release|Any CPU.Build.0 = Release|Any CPU
		{0370F5E8-9801-4CA5-A95B-D27346C82931}.Debug|Any CPU.ActiveCfg = Debug|Any CPU
		{0370F5E8-9801-4CA5-A95B-D27346C82931}.Debug|Any CPU.Build.0 = Debug|Any CPU
		{0370F5E8-9801-4CA5-A95B-D27346C82931}.Release|Any CPU.ActiveCfg = Release|Any CPU
		{0370F5E8-9801-4CA5-A95B-D27346C82931}.Release|Any CPU.Build.0 = Release|Any CPU
		{8A1C083F-BD74-488F-9E35-11A7C40B2AB0}.Debug|Any CPU.ActiveCfg = Debug|Any CPU
		{8A1C083F-BD74-488F-9E35-11A7C40B2AB0}.Debug|Any CPU.Build.0 = Debug|Any CPU
		{8A1C083F-BD74-488F-9E35-11A7C40B2AB0}.Release|Any CPU.ActiveCfg = Release|Any CPU
		{8A1C083F-BD74-488F-9E35-11A7C40B2AB0}.Release|Any CPU.Build.0 = Release|Any CPU
	EndGlobalSection
	GlobalSection(SolutionProperties) = preSolution
		HideSolutionNode = FALSE
	EndGlobalSection
	GlobalSection(ExtensibilityGlobals) = postSolution
		SolutionGuid = {5AC2D3A0-F355-4773-8BE6-8399A106B561}
	EndGlobalSection
EndGlobal
